
Microsoft Visual Studio Solution File, Format Version 12.00
# Visual Studio Version 16
VisualStudioVersion = 16.0.30323.103
MinimumVisualStudioVersion = 10.0.40219.1
Project("{FAE04EC0-301F-11D3-BF4B-00C04F79EFBC}") = "Phonebook", "Phonebook.csproj", "{1CEE72C6-7F3C-4D44-BA4D-F5FD486D2FEF}"
EndProject
Global
	GlobalSection(SolutionConfigurationPlatforms) = preSolution
		Debug|Any CPU = Debug|Any CPU
		Release|Any CPU = Release|Any CPU
	EndGlobalSection
	GlobalSection(ProjectConfigurationPlatforms) = postSolution
		{1CEE72C6-7F3C-4D44-BA4D-F5FD486D2FEF}.Debug|Any CPU.ActiveCfg = Debug|Any CPU
		{1CEE72C6-7F3C-4D44-BA4D-F5FD486D2FEF}.Debug|Any CPU.Build.0 = Debug|Any CPU
		{1CEE72C6-7F3C-4D44-BA4D-F5FD486D2FEF}.Release|Any CPU.ActiveCfg = Release|Any CPU
		{1CEE72C6-7F3C-4D44-BA4D-F5FD486D2FEF}.Release|Any CPU.Build.0 = Release|Any CPU
	EndGlobalSection
	GlobalSection(SolutionProperties) = preSolution
		HideSolutionNode = FALSE
	EndGlobalSection
	GlobalSection(ExtensibilityGlobals) = postSolution
		SolutionGuid = {0B6CC97D-D454-4647-BBB8-87E54C2F0ABA}
	EndGlobalSection
EndGlobal
